
Microsoft Visual Studio Solution File, Format Version 12.00
# Visual Studio Version 16
VisualStudioVersion = 16.0.29326.143
MinimumVisualStudioVersion = 10.0.40219.1
Project("{FAE04EC0-301F-11D3-BF4B-00C04F79EFBC}") = "4_1_Exercise-FizzBuzz", "4_1_Exercise-FizzBuzz\4_1_Exercise-FizzBuzz.csproj", "{99C203FC-B817-4B22-BC1A-3680F495EEFE}"
EndProject
Global
	GlobalSection(SolutionConfigurationPlatforms) = preSolution
		Debug|Any CPU = Debug|Any CPU
		Release|Any CPU = Release|Any CPU
	EndGlobalSection
	GlobalSection(ProjectConfigurationPlatforms) = postSolution
		{99C203FC-B817-4B22-BC1A-3680F495EEFE}.Debug|Any CPU.ActiveCfg = Debug|Any CPU
		{99C203FC-B817-4B22-BC1A-3680F495EEFE}.Debug|Any CPU.Build.0 = Debug|Any CPU
		{99C203FC-B817-4B22-BC1A-3680F495EEFE}.Release|Any CPU.ActiveCfg = Release|Any CPU
		{99C203FC-B817-4B22-BC1A-3680F495EEFE}.Release|Any CPU.Build.0 = Release|Any CPU
	EndGlobalSection
	GlobalSection(SolutionProperties) = preSolution
		HideSolutionNode = FALSE
	EndGlobalSection
	GlobalSection(ExtensibilityGlobals) = postSolution
		SolutionGuid = {31D97A29-67BB-4FE5-B596-D06C526188BC}
	EndGlobalSection
EndGlobal
